{
  "version": 4,
  "terraform_version": "1.9.8",
  "serial": 49,
  "lineage": "1db5c463-a2fd-c24f-8e68-c24a92d3c2e2",
  "outputs": {
    "dev-subnet-1-id": {
      "value": "subnet-0b94d202019706f90",
      "type": "string"
    },
    "dev-vpc-id": {
      "value": "vpc-0d484fd6799a89633",
      "type": "string"
    }
  },
  "resources": [
    {
      "mode": "managed",
      "type": "aws_subnet",
      "name": "dev-subnet-1",
      "provider": "provider[\"registry.terraform.io/hashicorp/aws\"]",
      "instances": [
        {
          "schema_version": 1,
          "attributes": {
            "arn": "arn:aws:ec2:us-east-1:160885267877:subnet/subnet-0b94d202019706f90",
            "assign_ipv6_address_on_creation": false,
            "availability_zone": "us-east-1a",
            "availability_zone_id": "use1-az4",
            "cidr_block": "10.0.10.0/24",
            "customer_owned_ipv4_pool": "",
            "enable_dns64": false,
            "enable_lni_at_device_index": 0,
            "enable_resource_name_dns_a_record_on_launch": false,
            "enable_resource_name_dns_aaaa_record_on_launch": false,
            "id": "subnet-0b94d202019706f90",
            "ipv6_cidr_block": "",
            "ipv6_cidr_block_association_id": "",
            "ipv6_native": false,
            "map_customer_owned_ip_on_launch": false,
            "map_public_ip_on_launch": false,
            "outpost_arn": "",
            "owner_id": "160885267877",
            "private_dns_hostname_type_on_launch": "ip-name",
            "tags": {
              "Name": "Nana-Test-Dev-Subnet-1"
            },
            "tags_all": {
              "Name": "Nana-Test-Dev-Subnet-1"
            },
            "timeouts": null,
            "vpc_id": "vpc-0d484fd6799a89633"
          },
          "sensitive_attributes": [],
          "private": "eyJlMmJmYjczMC1lY2FhLTExZTYtOGY4OC0zNDM2M2JjN2M0YzAiOnsiY3JlYXRlIjo2MDAwMDAwMDAwMDAsImRlbGV0ZSI6MTIwMDAwMDAwMDAwMH0sInNjaGVtYV92ZXJzaW9uIjoiMSJ9",
          "dependencies": [
            "aws_vpc.developement-vpc"
          ]
        }
      ]
    },
    {
      "mode": "managed",
      "type": "aws_vpc",
      "name": "developement-vpc",
      "provider": "provider[\"registry.terraform.io/hashicorp/aws\"]",
      "instances": [
        {
          "schema_version": 1,
          "attributes": {
            "arn": "arn:aws:ec2:us-east-1:160885267877:vpc/vpc-0d484fd6799a89633",
            "assign_generated_ipv6_cidr_block": false,
            "cidr_block": "10.0.0.0/16",
            "default_network_acl_id": "acl-0032898c5d1a5382c",
            "default_route_table_id": "rtb-071e159e1ca675067",
            "default_security_group_id": "sg-042d33cfe55a9e833",
            "dhcp_options_id": "dopt-06a282ccc680005f8",
            "enable_dns_hostnames": false,
            "enable_dns_support": true,
            "enable_network_address_usage_metrics": false,
            "id": "vpc-0d484fd6799a89633",
            "instance_tenancy": "default",
            "ipv4_ipam_pool_id": null,
            "ipv4_netmask_length": null,
            "ipv6_association_id": "",
            "ipv6_cidr_block": "",
            "ipv6_cidr_block_network_border_group": "",
            "ipv6_ipam_pool_id": "",
            "ipv6_netmask_length": 0,
            "main_route_table_id": "rtb-071e159e1ca675067",
            "owner_id": "160885267877",
            "tags": {
              "Name": "Nana-Test-Dev-VPC"
            },
            "tags_all": {
              "Name": "Nana-Test-Dev-VPC"
            }
          },
          "sensitive_attributes": [],
          "private": "eyJzY2hlbWFfdmVyc2lvbiI6IjEifQ=="
        }
      ]
    }
  ],
  "check_results": null
}
